
Microsoft Visual Studio Solution File, Format Version 12.00
# Visual Studio Version 17
VisualStudioVersion = 17.6.33723.286
MinimumVisualStudioVersion = 10.0.40219.1
Project("{FAE04EC0-301F-11D3-BF4B-00C04F79EFBC}") = "DemoContentNegotiation", "DemoContentNegotiation\DemoContentNegotiation.csproj", "{47BEC637-CC9C-41E0-9541-BF6ECD340BCD}"
EndProject
Global
	GlobalSection(SolutionConfigurationPlatforms) = preSolution
		Debug|Any CPU = Debug|Any CPU
		Release|Any CPU = Release|Any CPU
	EndGlobalSection
	GlobalSection(ProjectConfigurationPlatforms) = postSolution
		{47BEC637-CC9C-41E0-9541-BF6ECD340BCD}.Debug|Any CPU.ActiveCfg = Debug|Any CPU
		{47BEC637-CC9C-41E0-9541-BF6ECD340BCD}.Debug|Any CPU.Build.0 = Debug|Any CPU
		{47BEC637-CC9C-41E0-9541-BF6ECD340BCD}.Release|Any CPU.ActiveCfg = Release|Any CPU
		{47BEC637-CC9C-41E0-9541-BF6ECD340BCD}.Release|Any CPU.Build.0 = Release|Any CPU
	EndGlobalSection
	GlobalSection(SolutionProperties) = preSolution
		HideSolutionNode = FALSE
	EndGlobalSection
	GlobalSection(ExtensibilityGlobals) = postSolution
		SolutionGuid = {B6AFB7E8-2459-412C-924B-89CD62278782}
	EndGlobalSection
EndGlobal
